
Microsoft Visual Studio Solution File, Format Version 12.00
Project("{FAE04EC0-301F-11D3-BF4B-00C04F79EFBC}") = "ConsoleRunner", "ConsoleRunner\ConsoleRunner.csproj", "{48D60286-638E-461C-AA94-53692226CE3F}"
EndProject
Global
	GlobalSection(SolutionConfigurationPlatforms) = preSolution
		Debug|Any CPU = Debug|Any CPU
		Release|Any CPU = Release|Any CPU
	EndGlobalSection
	GlobalSection(ProjectConfigurationPlatforms) = postSolution
		{48D60286-638E-461C-AA94-53692226CE3F}.Debug|Any CPU.ActiveCfg = Debug|Any CPU
		{48D60286-638E-461C-AA94-53692226CE3F}.Debug|Any CPU.Build.0 = Debug|Any CPU
		{48D60286-638E-461C-AA94-53692226CE3F}.Release|Any CPU.ActiveCfg = Release|Any CPU
		{48D60286-638E-461C-AA94-53692226CE3F}.Release|Any CPU.Build.0 = Release|Any CPU
	EndGlobalSection
EndGlobal
